
Microsoft Visual Studio Solution File, Format Version 12.00
# Visual Studio 15
VisualStudioVersion = 15.0.27004.2009
MinimumVisualStudioVersion = 10.0.40219.1
Project("{9A19103F-16F7-4668-BE54-9A1E7A4F7556}") = "PokemonCharacterSheetEditor.Lib", "PokemonCharacterSheetEditor.Lib\PokemonCharacterSheetEditor.Lib.csproj", "{6738C559-159A-44AD-878F-8B2C81DE7A5C}"
EndProject
Project("{FAE04EC0-301F-11D3-BF4B-00C04F79EFBC}") = "PokemonCharacterSheetEditor.Ui", "PokemonCharacterSheetEditor.Ui\PokemonCharacterSheetEditor.Ui.csproj", "{3F93AE75-4F42-41E9-85AB-9A5B66E660E4}"
EndProject
Project("{FAE04EC0-301F-11D3-BF4B-00C04F79EFBC}") = "PokemonCharacterSheetEditor.DbEditor", "PokemonCharacterSheetEditor.DbEditor\PokemonCharacterSheetEditor.DbEditor.csproj", "{15531D8F-E7CF-44A0-A7D6-917DB38D8B8E}"
EndProject
Global
	GlobalSection(SolutionConfigurationPlatforms) = preSolution
		Debug|Any CPU = Debug|Any CPU
		Release|Any CPU = Release|Any CPU
	EndGlobalSection
	GlobalSection(ProjectConfigurationPlatforms) = postSolution
		{6738C559-159A-44AD-878F-8B2C81DE7A5C}.Debug|Any CPU.ActiveCfg = Debug|Any CPU
		{6738C559-159A-44AD-878F-8B2C81DE7A5C}.Debug|Any CPU.Build.0 = Debug|Any CPU
		{6738C559-159A-44AD-878F-8B2C81DE7A5C}.Release|Any CPU.ActiveCfg = Release|Any CPU
		{6738C559-159A-44AD-878F-8B2C81DE7A5C}.Release|Any CPU.Build.0 = Release|Any CPU
		{3F93AE75-4F42-41E9-85AB-9A5B66E660E4}.Debug|Any CPU.ActiveCfg = Debug|Any CPU
		{3F93AE75-4F42-41E9-85AB-9A5B66E660E4}.Debug|Any CPU.Build.0 = Debug|Any CPU
		{3F93AE75-4F42-41E9-85AB-9A5B66E660E4}.Release|Any CPU.ActiveCfg = Release|Any CPU
		{3F93AE75-4F42-41E9-85AB-9A5B66E660E4}.Release|Any CPU.Build.0 = Release|Any CPU
		{15531D8F-E7CF-44A0-A7D6-917DB38D8B8E}.Debug|Any CPU.ActiveCfg = Debug|Any CPU
		{15531D8F-E7CF-44A0-A7D6-917DB38D8B8E}.Debug|Any CPU.Build.0 = Debug|Any CPU
		{15531D8F-E7CF-44A0-A7D6-917DB38D8B8E}.Release|Any CPU.ActiveCfg = Release|Any CPU
		{15531D8F-E7CF-44A0-A7D6-917DB38D8B8E}.Release|Any CPU.Build.0 = Release|Any CPU
	EndGlobalSection
	GlobalSection(SolutionProperties) = preSolution
		HideSolutionNode = FALSE
	EndGlobalSection
	GlobalSection(ExtensibilityGlobals) = postSolution
		SolutionGuid = {26A69E9F-926E-423C-A62F-599B683847D4}
	EndGlobalSection
EndGlobal
